
Microsoft Visual Studio Solution File, Format Version 12.00
# Visual Studio Version 17
VisualStudioVersion = 17.2.32602.215
MinimumVisualStudioVersion = 10.0.40219.1
Project("{9A19103F-16F7-4668-BE54-9A1E7A4F7556}") = "DataAccess", "DataAccess\DataAccess.csproj", "{407D7923-F0A6-4B38-BB69-5A21DD4FB66C}"
EndProject
Project("{9A19103F-16F7-4668-BE54-9A1E7A4F7556}") = "Business", "Business\Business.csproj", "{00F6B471-8757-452E-B2E5-D521B3A3A5E6}"
EndProject
Project("{9A19103F-16F7-4668-BE54-9A1E7A4F7556}") = "Entities", "Entities\Entities.csproj", "{DA6FF5E6-6100-4283-9812-7FD002CA3650}"
EndProject
Project("{9A19103F-16F7-4668-BE54-9A1E7A4F7556}") = "Core", "..\CarRental-Backend\Core\Core.csproj", "{8663FF06-12CC-4856-B7ED-44AAC3F46ABC}"
EndProject
Project("{FAE04EC0-301F-11D3-BF4B-00C04F79EFBC}") = "WebApp", "WebApp\WebApp.csproj", "{4883C7A7-B6A4-42FD-82C1-A8252541A251}"
EndProject
Global
	GlobalSection(SolutionConfigurationPlatforms) = preSolution
		Debug|Any CPU = Debug|Any CPU
		Release|Any CPU = Release|Any CPU
	EndGlobalSection
	GlobalSection(ProjectConfigurationPlatforms) = postSolution
		{407D7923-F0A6-4B38-BB69-5A21DD4FB66C}.Debug|Any CPU.ActiveCfg = Debug|Any CPU
		{407D7923-F0A6-4B38-BB69-5A21DD4FB66C}.Debug|Any CPU.Build.0 = Debug|Any CPU
		{407D7923-F0A6-4B38-BB69-5A21DD4FB66C}.Release|Any CPU.ActiveCfg = Release|Any CPU
		{407D7923-F0A6-4B38-BB69-5A21DD4FB66C}.Release|Any CPU.Build.0 = Release|Any CPU
		{00F6B471-8757-452E-B2E5-D521B3A3A5E6}.Debug|Any CPU.ActiveCfg = Debug|Any CPU
		{00F6B471-8757-452E-B2E5-D521B3A3A5E6}.Debug|Any CPU.Build.0 = Debug|Any CPU
		{00F6B471-8757-452E-B2E5-D521B3A3A5E6}.Release|Any CPU.ActiveCfg = Release|Any CPU
		{00F6B471-8757-452E-B2E5-D521B3A3A5E6}.Release|Any CPU.Build.0 = Release|Any CPU
		{DA6FF5E6-6100-4283-9812-7FD002CA3650}.Debug|Any CPU.ActiveCfg = Debug|Any CPU
		{DA6FF5E6-6100-4283-9812-7FD002CA3650}.Debug|Any CPU.Build.0 = Debug|Any CPU
		{DA6FF5E6-6100-4283-9812-7FD002CA3650}.Release|Any CPU.ActiveCfg = Release|Any CPU
		{DA6FF5E6-6100-4283-9812-7FD002CA3650}.Release|Any CPU.Build.0 = Release|Any CPU
		{8663FF06-12CC-4856-B7ED-44AAC3F46ABC}.Debug|Any CPU.ActiveCfg = Debug|Any CPU
		{8663FF06-12CC-4856-B7ED-44AAC3F46ABC}.Debug|Any CPU.Build.0 = Debug|Any CPU
		{8663FF06-12CC-4856-B7ED-44AAC3F46ABC}.Release|Any CPU.ActiveCfg = Release|Any CPU
		{8663FF06-12CC-4856-B7ED-44AAC3F46ABC}.Release|Any CPU.Build.0 = Release|Any CPU
		{4883C7A7-B6A4-42FD-82C1-A8252541A251}.Debug|Any CPU.ActiveCfg = Debug|Any CPU
		{4883C7A7-B6A4-42FD-82C1-A8252541A251}.Debug|Any CPU.Build.0 = Debug|Any CPU
		{4883C7A7-B6A4-42FD-82C1-A8252541A251}.Release|Any CPU.ActiveCfg = Release|Any CPU
		{4883C7A7-B6A4-42FD-82C1-A8252541A251}.Release|Any CPU.Build.0 = Release|Any CPU
	EndGlobalSection
	GlobalSection(SolutionProperties) = preSolution
		HideSolutionNode = FALSE
	EndGlobalSection
	GlobalSection(ExtensibilityGlobals) = postSolution
		SolutionGuid = {E3A50361-4120-4505-9626-9568DC6305CB}
	EndGlobalSection
EndGlobal
